// !$*UTF8*$!
{
	archiveVersion = 1;
	classes = {
	};
	objectVersion = 56;
	objects = {

/* Begin PBXBuildFile section */
		3A29D0030CB4554D64591507 /* Pods_MyApp_MyAppUITests.framework in Frameworks */ = {isa = PBXBuildFile; fileRef = FFA2D89C311073850EAB05D2 /* Pods_MyApp_MyAppUITests.framework */; };
		44A1B0F7C18D2EDB8C26C252 /* Pods_MyAppTests.framework in Frameworks */ = {isa = PBXBuildFile; fileRef = 6375C3BB0C1A2D491088E57A /* Pods_MyAppTests.framework */; };
		D3F86536C1E978611DE46361 /* Pods_MyApp.framework in Frameworks */ = {isa = PBXBuildFile; fileRef = 2A5A8136A0F1C89CBF18C68A /* Pods_MyApp.framework */; };
		E66A856F2B1D95E20067C241 /* PokemonAPI.swift in Sources */ = {isa = PBXBuildFile; fileRef = E66A856E2B1D95E20067C241 /* PokemonAPI.swift */; };
		E66A85722B1D98D70067C241 /* NetworkMethod.swift in Sources */ = {isa = PBXBuildFile; fileRef = E66A85712B1D98D70067C241 /* NetworkMethod.swift */; };
		E66A85742B1D98FB0067C241 /* NetworkError.swift in Sources */ = {isa = PBXBuildFile; fileRef = E66A85732B1D98FB0067C241 /* NetworkError.swift */; };
		E66A857D2B1D998A0067C241 /* Pokemon.swift in Sources */ = {isa = PBXBuildFile; fileRef = E66A857C2B1D998A0067C241 /* Pokemon.swift */; };
		E66A85802B1D9BC50067C241 /* NetworkTask.swift in Sources */ = {isa = PBXBuildFile; fileRef = E66A857F2B1D9BC50067C241 /* NetworkTask.swift */; };
		E66A85842B1DA1C20067C241 /* APIResponse.swift in Sources */ = {isa = PBXBuildFile; fileRef = E66A85832B1DA1C20067C241 /* APIResponse.swift */; };
		E66A85872B1DA42F0067C241 /* PokemonListCoordinator.swift in Sources */ = {isa = PBXBuildFile; fileRef = E66A85862B1DA42F0067C241 /* PokemonListCoordinator.swift */; };
		E66A85892B1DA4590067C241 /* PokemonListController.swift in Sources */ = {isa = PBXBuildFile; fileRef = E66A85882B1DA4590067C241 /* PokemonListController.swift */; };
		E66A858B2B1DA4610067C241 /* Pokemon.storyboard in Resources */ = {isa = PBXBuildFile; fileRef = E66A858A2B1DA4610067C241 /* Pokemon.storyboard */; };
		E66A858F2B1DA79B0067C241 /* AppCoordinator.swift in Sources */ = {isa = PBXBuildFile; fileRef = E66A858E2B1DA79B0067C241 /* AppCoordinator.swift */; };
		E66A85912B1DAAD70067C241 /* R.generated.swift in Sources */ = {isa = PBXBuildFile; fileRef = E66A85902B1DAAD70067C241 /* R.generated.swift */; };
		E66A85932B1DAB7D0067C241 /* NavigationCoordinator.swift in Sources */ = {isa = PBXBuildFile; fileRef = E66A85922B1DAB7D0067C241 /* NavigationCoordinator.swift */; };
		E66A85962B1DB6E80067C241 /* Main.storyboard in Resources */ = {isa = PBXBuildFile; fileRef = E66A85952B1DB6E80067C241 /* Main.storyboard */; };
		E6F377A82B1D793700F78E94 /* AppDelegate.swift in Sources */ = {isa = PBXBuildFile; fileRef = E6F377A72B1D793700F78E94 /* AppDelegate.swift */; };
		E6F377AA2B1D793700F78E94 /* SceneDelegate.swift in Sources */ = {isa = PBXBuildFile; fileRef = E6F377A92B1D793700F78E94 /* SceneDelegate.swift */; };
		E6F377B12B1D793800F78E94 /* Assets.xcassets in Resources */ = {isa = PBXBuildFile; fileRef = E6F377B02B1D793800F78E94 /* Assets.xcassets */; };
		E6F377B42B1D793800F78E94 /* LaunchScreen.storyboard in Resources */ = {isa = PBXBuildFile; fileRef = E6F377B22B1D793800F78E94 /* LaunchScreen.storyboard */; };
		E6F377BF2B1D793800F78E94 /* MyAppTests.swift in Sources */ = {isa = PBXBuildFile; fileRef = E6F377BE2B1D793800F78E94 /* MyAppTests.swift */; };
		E6F377C92B1D793800F78E94 /* MyAppUITests.swift in Sources */ = {isa = PBXBuildFile; fileRef = E6F377C82B1D793800F78E94 /* MyAppUITests.swift */; };
		E6F377CB2B1D793800F78E94 /* MyAppUITestsLaunchTests.swift in Sources */ = {isa = PBXBuildFile; fileRef = E6F377CA2B1D793800F78E94 /* MyAppUITestsLaunchTests.swift */; };
		E6F377D82B1D820C00F78E94 /* AppServices.swift in Sources */ = {isa = PBXBuildFile; fileRef = E6F377D72B1D820B00F78E94 /* AppServices.swift */; };
		E6F377DA2B1D823800F78E94 /* NetworkService.swift in Sources */ = {isa = PBXBuildFile; fileRef = E6F377D92B1D823800F78E94 /* NetworkService.swift */; };
/* End PBXBuildFile section */

/* Begin PBXContainerItemProxy section */
		E6F377BB2B1D793800F78E94 /* PBXContainerItemProxy */ = {
			isa = PBXContainerItemProxy;
			containerPortal = E6F3779C2B1D793700F78E94 /* Project object */;
			proxyType = 1;
			remoteGlobalIDString = E6F377A32B1D793700F78E94;
			remoteInfo = MyApp;
		};
		E6F377C52B1D793800F78E94 /* PBXContainerItemProxy */ = {
			isa = PBXContainerItemProxy;
			containerPortal = E6F3779C2B1D793700F78E94 /* Project object */;
			proxyType = 1;
			remoteGlobalIDString = E6F377A32B1D793700F78E94;
			remoteInfo = MyApp;
		};
/* End PBXContainerItemProxy section */

/* Begin PBXFileReference section */
		2A5A8136A0F1C89CBF18C68A /* Pods_MyApp.framework */ = {isa = PBXFileReference; explicitFileType = wrapper.framework; includeInIndex = 0; path = Pods_MyApp.framework; sourceTree = BUILT_PRODUCTS_DIR; };
		344F4D9DA94BCB8E01F337E1 /* Pods-MyApp.release.xcconfig */ = {isa = PBXFileReference; includeInIndex = 1; lastKnownFileType = text.xcconfig; name = "Pods-MyApp.release.xcconfig"; path = "Target Support Files/Pods-MyApp/Pods-MyApp.release.xcconfig"; sourceTree = "<group>"; };
		37BD073C4C8E5E236654FC12 /* Pods-MyAppTests.debug.xcconfig */ = {isa = PBXFileReference; includeInIndex = 1; lastKnownFileType = text.xcconfig; name = "Pods-MyAppTests.debug.xcconfig"; path = "Target Support Files/Pods-MyAppTests/Pods-MyAppTests.debug.xcconfig"; sourceTree = "<group>"; };
		4D3F5C7A64CC8EF1BC7073B0 /* Pods-MyApp-MyAppUITests.debug.xcconfig */ = {isa = PBXFileReference; includeInIndex = 1; lastKnownFileType = text.xcconfig; name = "Pods-MyApp-MyAppUITests.debug.xcconfig"; path = "Target Support Files/Pods-MyApp-MyAppUITests/Pods-MyApp-MyAppUITests.debug.xcconfig"; sourceTree = "<group>"; };
		6375C3BB0C1A2D491088E57A /* Pods_MyAppTests.framework */ = {isa = PBXFileReference; explicitFileType = wrapper.framework; includeInIndex = 0; path = Pods_MyAppTests.framework; sourceTree = BUILT_PRODUCTS_DIR; };
		7CB3278F3C7FBD2DD089D5CF /* Pods-MyAppTests.release.xcconfig */ = {isa = PBXFileReference; includeInIndex = 1; lastKnownFileType = text.xcconfig; name = "Pods-MyAppTests.release.xcconfig"; path = "Target Support Files/Pods-MyAppTests/Pods-MyAppTests.release.xcconfig"; sourceTree = "<group>"; };
		BAC45D257B224448477FFB2F /* Pods-MyApp.debug.xcconfig */ = {isa = PBXFileReference; includeInIndex = 1; lastKnownFileType = text.xcconfig; name = "Pods-MyApp.debug.xcconfig"; path = "Target Support Files/Pods-MyApp/Pods-MyApp.debug.xcconfig"; sourceTree = "<group>"; };
		E66A856E2B1D95E20067C241 /* PokemonAPI.swift */ = {isa = PBXFileReference; lastKnownFileType = sourcecode.swift; path = PokemonAPI.swift; sourceTree = "<group>"; };
		E66A85712B1D98D70067C241 /* NetworkMethod.swift */ = {isa = PBXFileReference; lastKnownFileType = sourcecode.swift; path = NetworkMethod.swift; sourceTree = "<group>"; };
		E66A85732B1D98FB0067C241 /* NetworkError.swift */ = {isa = PBXFileReference; lastKnownFileType = sourcecode.swift; path = NetworkError.swift; sourceTree = "<group>"; };
		E66A857C2B1D998A0067C241 /* Pokemon.swift */ = {isa = PBXFileReference; lastKnownFileType = sourcecode.swift; path = Pokemon.swift; sourceTree = "<group>"; };
		E66A857F2B1D9BC50067C241 /* NetworkTask.swift */ = {isa = PBXFileReference; lastKnownFileType = sourcecode.swift; path = NetworkTask.swift; sourceTree = "<group>"; };
		E66A85832B1DA1C20067C241 /* APIResponse.swift */ = {isa = PBXFileReference; lastKnownFileType = sourcecode.swift; path = APIResponse.swift; sourceTree = "<group>"; };
		E66A85862B1DA42F0067C241 /* PokemonListCoordinator.swift */ = {isa = PBXFileReference; lastKnownFileType = sourcecode.swift; path = PokemonListCoordinator.swift; sourceTree = "<group>"; };
		E66A85882B1DA4590067C241 /* PokemonListController.swift */ = {isa = PBXFileReference; lastKnownFileType = sourcecode.swift; path = PokemonListController.swift; sourceTree = "<group>"; };
		E66A858A2B1DA4610067C241 /* Pokemon.storyboard */ = {isa = PBXFileReference; lastKnownFileType = file.storyboard; path = Pokemon.storyboard; sourceTree = "<group>"; };
		E66A858E2B1DA79B0067C241 /* AppCoordinator.swift */ = {isa = PBXFileReference; lastKnownFileType = sourcecode.swift; path = AppCoordinator.swift; sourceTree = "<group>"; };
		E66A85902B1DAAD70067C241 /* R.generated.swift */ = {isa = PBXFileReference; fileEncoding = 4; lastKnownFileType = sourcecode.swift; path = R.generated.swift; sourceTree = SOURCE_ROOT; };
		E66A85922B1DAB7D0067C241 /* NavigationCoordinator.swift */ = {isa = PBXFileReference; lastKnownFileType = sourcecode.swift; path = NavigationCoordinator.swift; sourceTree = "<group>"; };
		E66A85952B1DB6E80067C241 /* Main.storyboard */ = {isa = PBXFileReference; lastKnownFileType = file.storyboard; path = Main.storyboard; sourceTree = "<group>"; };
		E6F377A42B1D793700F78E94 /* MyApp.app */ = {isa = PBXFileReference; explicitFileType = wrapper.application; includeInIndex = 0; path = MyApp.app; sourceTree = BUILT_PRODUCTS_DIR; };
		E6F377A72B1D793700F78E94 /* AppDelegate.swift */ = {isa = PBXFileReference; lastKnownFileType = sourcecode.swift; path = AppDelegate.swift; sourceTree = "<group>"; };
		E6F377A92B1D793700F78E94 /* SceneDelegate.swift */ = {isa = PBXFileReference; lastKnownFileType = sourcecode.swift; path = SceneDelegate.swift; sourceTree = "<group>"; };
		E6F377B02B1D793800F78E94 /* Assets.xcassets */ = {isa = PBXFileReference; lastKnownFileType = folder.assetcatalog; path = Assets.xcassets; sourceTree = "<group>"; };
		E6F377B32B1D793800F78E94 /* Base */ = {isa = PBXFileReference; lastKnownFileType = file.storyboard; name = Base; path = Base.lproj/LaunchScreen.storyboard; sourceTree = "<group>"; };
		E6F377B52B1D793800F78E94 /* Info.plist */ = {isa = PBXFileReference; lastKnownFileType = text.plist.xml; path = Info.plist; sourceTree = "<group>"; };
		E6F377BA2B1D793800F78E94 /* MyAppTests.xctest */ = {isa = PBXFileReference; explicitFileType = wrapper.cfbundle; includeInIndex = 0; path = MyAppTests.xctest; sourceTree = BUILT_PRODUCTS_DIR; };
		E6F377BE2B1D793800F78E94 /* MyAppTests.swift */ = {isa = PBXFileReference; lastKnownFileType = sourcecode.swift; path = MyAppTests.swift; sourceTree = "<group>"; };
		E6F377C42B1D793800F78E94 /* MyAppUITests.xctest */ = {isa = PBXFileReference; explicitFileType = wrapper.cfbundle; includeInIndex = 0; path = MyAppUITests.xctest; sourceTree = BUILT_PRODUCTS_DIR; };
		E6F377C82B1D793800F78E94 /* MyAppUITests.swift */ = {isa = PBXFileReference; lastKnownFileType = sourcecode.swift; path = MyAppUITests.swift; sourceTree = "<group>"; };
		E6F377CA2B1D793800F78E94 /* MyAppUITestsLaunchTests.swift */ = {isa = PBXFileReference; lastKnownFileType = sourcecode.swift; path = MyAppUITestsLaunchTests.swift; sourceTree = "<group>"; };
		E6F377D72B1D820B00F78E94 /* AppServices.swift */ = {isa = PBXFileReference; lastKnownFileType = sourcecode.swift; path = AppServices.swift; sourceTree = "<group>"; };
		E6F377D92B1D823800F78E94 /* NetworkService.swift */ = {isa = PBXFileReference; lastKnownFileType = sourcecode.swift; path = NetworkService.swift; sourceTree = "<group>"; };
		F7D48DC620A34260D8C8218E /* Pods-MyApp-MyAppUITests.release.xcconfig */ = {isa = PBXFileReference; includeInIndex = 1; lastKnownFileType = text.xcconfig; name = "Pods-MyApp-MyAppUITests.release.xcconfig"; path = "Target Support Files/Pods-MyApp-MyAppUITests/Pods-MyApp-MyAppUITests.release.xcconfig"; sourceTree = "<group>"; };
		FFA2D89C311073850EAB05D2 /* Pods_MyApp_MyAppUITests.framework */ = {isa = PBXFileReference; explicitFileType = wrapper.framework; includeInIndex = 0; path = Pods_MyApp_MyAppUITests.framework; sourceTree = BUILT_PRODUCTS_DIR; };
/* End PBXFileReference section */

/* Begin PBXFrameworksBuildPhase section */
		E6F377A12B1D793700F78E94 /* Frameworks */ = {
			isa = PBXFrameworksBuildPhase;
			buildActionMask = 2147483647;
			files = (
				D3F86536C1E978611DE46361 /* Pods_MyApp.framework in Frameworks */,
			);
			runOnlyForDeploymentPostprocessing = 0;
		};
		E6F377B72B1D793800F78E94 /* Frameworks */ = {
			isa = PBXFrameworksBuildPhase;
			buildActionMask = 2147483647;
			files = (
				44A1B0F7C18D2EDB8C26C252 /* Pods_MyAppTests.framework in Frameworks */,
			);
			runOnlyForDeploymentPostprocessing = 0;
		};
		E6F377C12B1D793800F78E94 /* Frameworks */ = {
			isa = PBXFrameworksBuildPhase;
			buildActionMask = 2147483647;
			files = (
				3A29D0030CB4554D64591507 /* Pods_MyApp_MyAppUITests.framework in Frameworks */,
			);
			runOnlyForDeploymentPostprocessing = 0;
		};
/* End PBXFrameworksBuildPhase section */

/* Begin PBXGroup section */
		0936AFD94785F77FD2234BB5 /* Pods */ = {
			isa = PBXGroup;
			children = (
				BAC45D257B224448477FFB2F /* Pods-MyApp.debug.xcconfig */,
				344F4D9DA94BCB8E01F337E1 /* Pods-MyApp.release.xcconfig */,
				4D3F5C7A64CC8EF1BC7073B0 /* Pods-MyApp-MyAppUITests.debug.xcconfig */,
				F7D48DC620A34260D8C8218E /* Pods-MyApp-MyAppUITests.release.xcconfig */,
				37BD073C4C8E5E236654FC12 /* Pods-MyAppTests.debug.xcconfig */,
				7CB3278F3C7FBD2DD089D5CF /* Pods-MyAppTests.release.xcconfig */,
			);
			path = Pods;
			sourceTree = "<group>";
		};
		AE47316AA163483519BE5190 /* Frameworks */ = {
			isa = PBXGroup;
			children = (
				2A5A8136A0F1C89CBF18C68A /* Pods_MyApp.framework */,
				FFA2D89C311073850EAB05D2 /* Pods_MyApp_MyAppUITests.framework */,
				6375C3BB0C1A2D491088E57A /* Pods_MyAppTests.framework */,
			);
			name = Frameworks;
			sourceTree = "<group>";
		};
		E66A85702B1D98BE0067C241 /* Network */ = {
			isa = PBXGroup;
			children = (
				E66A85732B1D98FB0067C241 /* NetworkError.swift */,
				E66A85712B1D98D70067C241 /* NetworkMethod.swift */,
				E6F377D92B1D823800F78E94 /* NetworkService.swift */,
				E66A857F2B1D9BC50067C241 /* NetworkTask.swift */,
				E66A85832B1DA1C20067C241 /* APIResponse.swift */,
			);
			path = Network;
			sourceTree = "<group>";
		};
		E66A85752B1D994C0067C241 /* Scenes */ = {
			isa = PBXGroup;
			children = (
				E66A85942B1DB6DF0067C241 /* Main */,
				E66A85762B1D995B0067C241 /* Pokemon */,
			);
			path = Scenes;
			sourceTree = "<group>";
		};
		E66A85762B1D995B0067C241 /* Pokemon */ = {
			isa = PBXGroup;
			children = (
				E66A85772B1D99660067C241 /* API */,
				E66A858C2B1DA49A0067C241 /* Cells */,
				E66A85782B1D996D0067C241 /* Controllers */,
				E66A85852B1DA4170067C241 /* Coordinators */,
				E66A857B2B1D99820067C241 /* Models */,
				E66A85792B1D99780067C241 /* Storyboards */,
				E66A857A2B1D997F0067C241 /* ViewModels */,
			);
			path = Pokemon;
			sourceTree = "<group>";
		};
		E66A85772B1D99660067C241 /* API */ = {
			isa = PBXGroup;
			children = (
				E66A856E2B1D95E20067C241 /* PokemonAPI.swift */,
			);
			path = API;
			sourceTree = "<group>";
		};
		E66A85782B1D996D0067C241 /* Controllers */ = {
			isa = PBXGroup;
			children = (
				E66A85882B1DA4590067C241 /* PokemonListController.swift */,
			);
			path = Controllers;
			sourceTree = "<group>";
		};
		E66A85792B1D99780067C241 /* Storyboards */ = {
			isa = PBXGroup;
			children = (
				E66A858A2B1DA4610067C241 /* Pokemon.storyboard */,
			);
			path = Storyboards;
			sourceTree = "<group>";
		};
		E66A857A2B1D997F0067C241 /* ViewModels */ = {
			isa = PBXGroup;
			children = (
			);
			path = ViewModels;
			sourceTree = "<group>";
		};
		E66A857B2B1D99820067C241 /* Models */ = {
			isa = PBXGroup;
			children = (
				E66A857C2B1D998A0067C241 /* Pokemon.swift */,
			);
			path = Models;
			sourceTree = "<group>";
		};
		E66A857E2B1D9BA80067C241 /* App */ = {
			isa = PBXGroup;
			children = (
				E6F377A72B1D793700F78E94 /* AppDelegate.swift */,
				E6F377D72B1D820B00F78E94 /* AppServices.swift */,
				E6F377B02B1D793800F78E94 /* Assets.xcassets */,
				E66A858D2B1DA7870067C241 /* Coordinator */,
				E6F377B52B1D793800F78E94 /* Info.plist */,
				E6F377B22B1D793800F78E94 /* LaunchScreen.storyboard */,
				E66A85902B1DAAD70067C241 /* R.generated.swift */,
				E6F377A92B1D793700F78E94 /* SceneDelegate.swift */,
			);
			path = App;
			sourceTree = "<group>";
		};
		E66A85852B1DA4170067C241 /* Coordinators */ = {
			isa = PBXGroup;
			children = (
				E66A85862B1DA42F0067C241 /* PokemonListCoordinator.swift */,
			);
			path = Coordinators;
			sourceTree = "<group>";
		};
		E66A858C2B1DA49A0067C241 /* Cells */ = {
			isa = PBXGroup;
			children = (
			);
			path = Cells;
			sourceTree = "<group>";
		};
		E66A858D2B1DA7870067C241 /* Coordinator */ = {
			isa = PBXGroup;
			children = (
				E66A858E2B1DA79B0067C241 /* AppCoordinator.swift */,
				E66A85922B1DAB7D0067C241 /* NavigationCoordinator.swift */,
			);
			path = Coordinator;
			sourceTree = "<group>";
		};
		E66A85942B1DB6DF0067C241 /* Main */ = {
			isa = PBXGroup;
			children = (
				E66A85952B1DB6E80067C241 /* Main.storyboard */,
			);
			path = Main;
			sourceTree = "<group>";
		};
		E6F3779B2B1D793700F78E94 = {
			isa = PBXGroup;
			children = (
				E6F377A62B1D793700F78E94 /* MyApp */,
				E6F377BD2B1D793800F78E94 /* MyAppTests */,
				E6F377C72B1D793800F78E94 /* MyAppUITests */,
				E6F377A52B1D793700F78E94 /* Products */,
				0936AFD94785F77FD2234BB5 /* Pods */,
				AE47316AA163483519BE5190 /* Frameworks */,
			);
			sourceTree = "<group>";
		};
		E6F377A52B1D793700F78E94 /* Products */ = {
			isa = PBXGroup;
			children = (
				E6F377A42B1D793700F78E94 /* MyApp.app */,
				E6F377BA2B1D793800F78E94 /* MyAppTests.xctest */,
				E6F377C42B1D793800F78E94 /* MyAppUITests.xctest */,
			);
			name = Products;
			sourceTree = "<group>";
		};
		E6F377A62B1D793700F78E94 /* MyApp */ = {
			isa = PBXGroup;
			children = (
				E66A857E2B1D9BA80067C241 /* App */,
				E66A85702B1D98BE0067C241 /* Network */,
				E66A85752B1D994C0067C241 /* Scenes */,
			);
			path = MyApp;
			sourceTree = "<group>";
		};
		E6F377BD2B1D793800F78E94 /* MyAppTests */ = {
			isa = PBXGroup;
			children = (
				E6F377BE2B1D793800F78E94 /* MyAppTests.swift */,
			);
			path = MyAppTests;
			sourceTree = "<group>";
		};
		E6F377C72B1D793800F78E94 /* MyAppUITests */ = {
			isa = PBXGroup;
			children = (
				E6F377C82B1D793800F78E94 /* MyAppUITests.swift */,
				E6F377CA2B1D793800F78E94 /* MyAppUITestsLaunchTests.swift */,
			);
			path = MyAppUITests;
			sourceTree = "<group>";
		};
/* End PBXGroup section */

/* Begin PBXNativeTarget section */
		E6F377A32B1D793700F78E94 /* MyApp */ = {
			isa = PBXNativeTarget;
			buildConfigurationList = E6F377CE2B1D793800F78E94 /* Build configuration list for PBXNativeTarget "MyApp" */;
			buildPhases = (
				191920CC01A1BC2413465343 /* [CP] Check Pods Manifest.lock */,
				E6F0E60E2B1D935300841AC7 /* R.swift */,
				E6F377A02B1D793700F78E94 /* Sources */,
				E6F377A12B1D793700F78E94 /* Frameworks */,
				E6F377A22B1D793700F78E94 /* Resources */,
				29756FB6C5E84340D1F71894 /* [CP] Embed Pods Frameworks */,
			);
			buildRules = (
			);
			dependencies = (
			);
			name = MyApp;
			productName = MyApp;
			productReference = E6F377A42B1D793700F78E94 /* MyApp.app */;
			productType = "com.apple.product-type.application";
		};
		E6F377B92B1D793800F78E94 /* MyAppTests */ = {
			isa = PBXNativeTarget;
			buildConfigurationList = E6F377D12B1D793800F78E94 /* Build configuration list for PBXNativeTarget "MyAppTests" */;
			buildPhases = (
				0531F7A92A7D497421EA8EB5 /* [CP] Check Pods Manifest.lock */,
				E6F377B62B1D793800F78E94 /* Sources */,
				E6F377B72B1D793800F78E94 /* Frameworks */,
				E6F377B82B1D793800F78E94 /* Resources */,
			);
			buildRules = (
			);
			dependencies = (
				E6F377BC2B1D793800F78E94 /* PBXTargetDependency */,
			);
			name = MyAppTests;
			productName = MyAppTests;
			productReference = E6F377BA2B1D793800F78E94 /* MyAppTests.xctest */;
			productType = "com.apple.product-type.bundle.unit-test";
		};
		E6F377C32B1D793800F78E94 /* MyAppUITests */ = {
			isa = PBXNativeTarget;
			buildConfigurationList = E6F377D42B1D793800F78E94 /* Build configuration list for PBXNativeTarget "MyAppUITests" */;
			buildPhases = (
				27EF04677E78797DCE2F9964 /* [CP] Check Pods Manifest.lock */,
				E6F377C02B1D793800F78E94 /* Sources */,
				E6F377C12B1D793800F78E94 /* Frameworks */,
				E6F377C22B1D793800F78E94 /* Resources */,
				9F7CC4325A70743B0E5E53BA /* [CP] Embed Pods Frameworks */,
			);
			buildRules = (
			);
			dependencies = (
				E6F377C62B1D793800F78E94 /* PBXTargetDependency */,
			);
			name = MyAppUITests;
			productName = MyAppUITests;
			productReference = E6F377C42B1D793800F78E94 /* MyAppUITests.xctest */;
			productType = "com.apple.product-type.bundle.ui-testing";
		};
/* End PBXNativeTarget section */

/* Begin PBXProject section */
		E6F3779C2B1D793700F78E94 /* Project object */ = {
			isa = PBXProject;
			attributes = {
				BuildIndependentTargetsInParallel = 1;
				LastSwiftUpdateCheck = 1500;
				LastUpgradeCheck = 1500;
				TargetAttributes = {
					E6F377A32B1D793700F78E94 = {
						CreatedOnToolsVersion = 15.0.1;
					};
					E6F377B92B1D793800F78E94 = {
						CreatedOnToolsVersion = 15.0.1;
						TestTargetID = E6F377A32B1D793700F78E94;
					};
					E6F377C32B1D793800F78E94 = {
						CreatedOnToolsVersion = 15.0.1;
						TestTargetID = E6F377A32B1D793700F78E94;
					};
				};
			};
			buildConfigurationList = E6F3779F2B1D793700F78E94 /* Build configuration list for PBXProject "MyApp" */;
			compatibilityVersion = "Xcode 14.0";
			developmentRegion = en;
			hasScannedForEncodings = 0;
			knownRegions = (
				en,
				Base,
			);
			mainGroup = E6F3779B2B1D793700F78E94;
			productRefGroup = E6F377A52B1D793700F78E94 /* Products */;
			projectDirPath = "";
			projectRoot = "";
			targets = (
				E6F377A32B1D793700F78E94 /* MyApp */,
				E6F377B92B1D793800F78E94 /* MyAppTests */,
				E6F377C32B1D793800F78E94 /* MyAppUITests */,
			);
		};
/* End PBXProject section */

/* Begin PBXResourcesBuildPhase section */
		E6F377A22B1D793700F78E94 /* Resources */ = {
			isa = PBXResourcesBuildPhase;
			buildActionMask = 2147483647;
			files = (
				E6F377B42B1D793800F78E94 /* LaunchScreen.storyboard in Resources */,
				E6F377B12B1D793800F78E94 /* Assets.xcassets in Resources */,
				E66A858B2B1DA4610067C241 /* Pokemon.storyboard in Resources */,
				E66A85962B1DB6E80067C241 /* Main.storyboard in Resources */,
			);
			runOnlyForDeploymentPostprocessing = 0;
		};
		E6F377B82B1D793800F78E94 /* Resources */ = {
			isa = PBXResourcesBuildPhase;
			buildActionMask = 2147483647;
			files = (
			);
			runOnlyForDeploymentPostprocessing = 0;
		};
		E6F377C22B1D793800F78E94 /* Resources */ = {
			isa = PBXResourcesBuildPhase;
			buildActionMask = 2147483647;
			files = (
			);
			runOnlyForDeploymentPostprocessing = 0;
		};
/* End PBXResourcesBuildPhase section */

/* Begin PBXShellScriptBuildPhase section */
		0531F7A92A7D497421EA8EB5 /* [CP] Check Pods Manifest.lock */ = {
			isa = PBXShellScriptBuildPhase;
			buildActionMask = 2147483647;
			files = (
			);
			inputFileListPaths = (
			);
			inputPaths = (
				"${PODS_PODFILE_DIR_PATH}/Podfile.lock",
				"${PODS_ROOT}/Manifest.lock",
			);
			name = "[CP] Check Pods Manifest.lock";
			outputFileListPaths = (
			);
			outputPaths = (
				"$(DERIVED_FILE_DIR)/Pods-MyAppTests-checkManifestLockResult.txt",
			);
			runOnlyForDeploymentPostprocessing = 0;
			shellPath = /bin/sh;
			shellScript = "diff \"${PODS_PODFILE_DIR_PATH}/Podfile.lock\" \"${PODS_ROOT}/Manifest.lock\" > /dev/null\nif [ $? != 0 ] ; then\n    # print error to STDERR\n    echo \"error: The sandbox is not in sync with the Podfile.lock. Run 'pod install' or update your CocoaPods installation.\" >&2\n    exit 1\nfi\n# This output is used by Xcode 'outputs' to avoid re-running this script phase.\necho \"SUCCESS\" > \"${SCRIPT_OUTPUT_FILE_0}\"\n";
			showEnvVarsInLog = 0;
		};
		191920CC01A1BC2413465343 /* [CP] Check Pods Manifest.lock */ = {
			isa = PBXShellScriptBuildPhase;
			buildActionMask = 2147483647;
			files = (
			);
			inputFileListPaths = (
			);
			inputPaths = (
				"${PODS_PODFILE_DIR_PATH}/Podfile.lock",
				"${PODS_ROOT}/Manifest.lock",
			);
			name = "[CP] Check Pods Manifest.lock";
			outputFileListPaths = (
			);
			outputPaths = (
				"$(DERIVED_FILE_DIR)/Pods-MyApp-checkManifestLockResult.txt",
			);
			runOnlyForDeploymentPostprocessing = 0;
			shellPath = /bin/sh;
			shellScript = "diff \"${PODS_PODFILE_DIR_PATH}/Podfile.lock\" \"${PODS_ROOT}/Manifest.lock\" > /dev/null\nif [ $? != 0 ] ; then\n    # print error to STDERR\n    echo \"error: The sandbox is not in sync with the Podfile.lock. Run 'pod install' or update your CocoaPods installation.\" >&2\n    exit 1\nfi\n# This output is used by Xcode 'outputs' to avoid re-running this script phase.\necho \"SUCCESS\" > \"${SCRIPT_OUTPUT_FILE_0}\"\n";
			showEnvVarsInLog = 0;
		};
		27EF04677E78797DCE2F9964 /* [CP] Check Pods Manifest.lock */ = {
			isa = PBXShellScriptBuildPhase;
			buildActionMask = 2147483647;
			files = (
			);
			inputFileListPaths = (
			);
			inputPaths = (
				"${PODS_PODFILE_DIR_PATH}/Podfile.lock",
				"${PODS_ROOT}/Manifest.lock",
			);
			name = "[CP] Check Pods Manifest.lock";
			outputFileListPaths = (
			);
			outputPaths = (
				"$(DERIVED_FILE_DIR)/Pods-MyApp-MyAppUITests-checkManifestLockResult.txt",
			);
			runOnlyForDeploymentPostprocessing = 0;
			shellPath = /bin/sh;
			shellScript = "diff \"${PODS_PODFILE_DIR_PATH}/Podfile.lock\" \"${PODS_ROOT}/Manifest.lock\" > /dev/null\nif [ $? != 0 ] ; then\n    # print error to STDERR\n    echo \"error: The sandbox is not in sync with the Podfile.lock. Run 'pod install' or update your CocoaPods installation.\" >&2\n    exit 1\nfi\n# This output is used by Xcode 'outputs' to avoid re-running this script phase.\necho \"SUCCESS\" > \"${SCRIPT_OUTPUT_FILE_0}\"\n";
			showEnvVarsInLog = 0;
		};
		29756FB6C5E84340D1F71894 /* [CP] Embed Pods Frameworks */ = {
			isa = PBXShellScriptBuildPhase;
			buildActionMask = 2147483647;
			files = (
			);
			inputFileListPaths = (
				"${PODS_ROOT}/Target Support Files/Pods-MyApp/Pods-MyApp-frameworks-${CONFIGURATION}-input-files.xcfilelist",
			);
			name = "[CP] Embed Pods Frameworks";
			outputFileListPaths = (
				"${PODS_ROOT}/Target Support Files/Pods-MyApp/Pods-MyApp-frameworks-${CONFIGURATION}-output-files.xcfilelist",
			);
			runOnlyForDeploymentPostprocessing = 0;
			shellPath = /bin/sh;
			shellScript = "\"${PODS_ROOT}/Target Support Files/Pods-MyApp/Pods-MyApp-frameworks.sh\"\n";
			showEnvVarsInLog = 0;
		};
		9F7CC4325A70743B0E5E53BA /* [CP] Embed Pods Frameworks */ = {
			isa = PBXShellScriptBuildPhase;
			buildActionMask = 2147483647;
			files = (
			);
			inputFileListPaths = (
				"${PODS_ROOT}/Target Support Files/Pods-MyApp-MyAppUITests/Pods-MyApp-MyAppUITests-frameworks-${CONFIGURATION}-input-files.xcfilelist",
			);
			name = "[CP] Embed Pods Frameworks";
			outputFileListPaths = (
				"${PODS_ROOT}/Target Support Files/Pods-MyApp-MyAppUITests/Pods-MyApp-MyAppUITests-frameworks-${CONFIGURATION}-output-files.xcfilelist",
			);
			runOnlyForDeploymentPostprocessing = 0;
			shellPath = /bin/sh;
			shellScript = "\"${PODS_ROOT}/Target Support Files/Pods-MyApp-MyAppUITests/Pods-MyApp-MyAppUITests-frameworks.sh\"\n";
			showEnvVarsInLog = 0;
		};
		E6F0E60E2B1D935300841AC7 /* R.swift */ = {
			isa = PBXShellScriptBuildPhase;
			alwaysOutOfDate = 1;
			buildActionMask = 2147483647;
			files = (
			);
			inputFileListPaths = (
			);
			inputPaths = (
			);
			name = R.swift;
			outputFileListPaths = (
			);
			outputPaths = (
				" $SRCROOT/R.generated.swift",
			);
			runOnlyForDeploymentPostprocessing = 0;
			shellPath = /bin/sh;
			shellScript = "\"$PODS_ROOT/R.swift/rswift\" generate \"$SRCROOT/R.generated.swift\"\n";
		};
/* End PBXShellScriptBuildPhase section */

/* Begin PBXSourcesBuildPhase section */
		E6F377A02B1D793700F78E94 /* Sources */ = {
			isa = PBXSourcesBuildPhase;
			buildActionMask = 2147483647;
			files = (
				E66A85872B1DA42F0067C241 /* PokemonListCoordinator.swift in Sources */,
				E66A85912B1DAAD70067C241 /* R.generated.swift in Sources */,
				E66A85722B1D98D70067C241 /* NetworkMethod.swift in Sources */,
				E66A85892B1DA4590067C241 /* PokemonListController.swift in Sources */,
				E6F377D82B1D820C00F78E94 /* AppServices.swift in Sources */,
				E6F377A82B1D793700F78E94 /* AppDelegate.swift in Sources */,
				E6F377DA2B1D823800F78E94 /* NetworkService.swift in Sources */,
				E66A85842B1DA1C20067C241 /* APIResponse.swift in Sources */,
				E66A857D2B1D998A0067C241 /* Pokemon.swift in Sources */,
				E66A85932B1DAB7D0067C241 /* NavigationCoordinator.swift in Sources */,
				E6F377AA2B1D793700F78E94 /* SceneDelegate.swift in Sources */,
				E66A85742B1D98FB0067C241 /* NetworkError.swift in Sources */,
				E66A858F2B1DA79B0067C241 /* AppCoordinator.swift in Sources */,
				E66A856F2B1D95E20067C241 /* PokemonAPI.swift in Sources */,
				E66A85802B1D9BC50067C241 /* NetworkTask.swift in Sources */,
			);
			runOnlyForDeploymentPostprocessing = 0;
		};
		E6F377B62B1D793800F78E94 /* Sources */ = {
			isa = PBXSourcesBuildPhase;
			buildActionMask = 2147483647;
			files = (
				E6F377BF2B1D793800F78E94 /* MyAppTests.swift in Sources */,
			);
			runOnlyForDeploymentPostprocessing = 0;
		};
		E6F377C02B1D793800F78E94 /* Sources */ = {
			isa = PBXSourcesBuildPhase;
			buildActionMask = 2147483647;
			files = (
				E6F377CB2B1D793800F78E94 /* MyAppUITestsLaunchTests.swift in Sources */,
				E6F377C92B1D793800F78E94 /* MyAppUITests.swift in Sources */,
			);
			runOnlyForDeploymentPostprocessing = 0;
		};
/* End PBXSourcesBuildPhase section */

/* Begin PBXTargetDependency section */
		E6F377BC2B1D793800F78E94 /* PBXTargetDependency */ = {
			isa = PBXTargetDependency;
			target = E6F377A32B1D793700F78E94 /* MyApp */;
			targetProxy = E6F377BB2B1D793800F78E94 /* PBXContainerItemProxy */;
		};
		E6F377C62B1D793800F78E94 /* PBXTargetDependency */ = {
			isa = PBXTargetDependency;
			target = E6F377A32B1D793700F78E94 /* MyApp */;
			targetProxy = E6F377C52B1D793800F78E94 /* PBXContainerItemProxy */;
		};
/* End PBXTargetDependency section */

/* Begin PBXVariantGroup section */
		E6F377B22B1D793800F78E94 /* LaunchScreen.storyboard */ = {
			isa = PBXVariantGroup;
			children = (
				E6F377B32B1D793800F78E94 /* Base */,
			);
			name = LaunchScreen.storyboard;
			sourceTree = "<group>";
		};
/* End PBXVariantGroup section */

/* Begin XCBuildConfiguration section */
		E6F377CC2B1D793800F78E94 /* Debug */ = {
			isa = XCBuildConfiguration;
			buildSettings = {
				ALWAYS_SEARCH_USER_PATHS = NO;
				ASSETCATALOG_COMPILER_GENERATE_SWIFT_ASSET_SYMBOL_EXTENSIONS = YES;
				CLANG_ANALYZER_NONNULL = YES;
				CLANG_ANALYZER_NUMBER_OBJECT_CONVERSION = YES_AGGRESSIVE;
				CLANG_CXX_LANGUAGE_STANDARD = "gnu++20";
				CLANG_ENABLE_MODULES = YES;
				CLANG_ENABLE_OBJC_ARC = YES;
				CLANG_ENABLE_OBJC_WEAK = YES;
				CLANG_WARN_BLOCK_CAPTURE_AUTORELEASING = YES;
				CLANG_WARN_BOOL_CONVERSION = YES;
				CLANG_WARN_COMMA = YES;
				CLANG_WARN_CONSTANT_CONVERSION = YES;
				CLANG_WARN_DEPRECATED_OBJC_IMPLEMENTATIONS = YES;
				CLANG_WARN_DIRECT_OBJC_ISA_USAGE = YES_ERROR;
				CLANG_WARN_DOCUMENTATION_COMMENTS = YES;
				CLANG_WARN_EMPTY_BODY = YES;
				CLANG_WARN_ENUM_CONVERSION = YES;
				CLANG_WARN_INFINITE_RECURSION = YES;
				CLANG_WARN_INT_CONVERSION = YES;
				CLANG_WARN_NON_LITERAL_NULL_CONVERSION = YES;
				CLANG_WARN_OBJC_IMPLICIT_RETAIN_SELF = YES;
				CLANG_WARN_OBJC_LITERAL_CONVERSION = YES;
				CLANG_WARN_OBJC_ROOT_CLASS = YES_ERROR;
				CLANG_WARN_QUOTED_INCLUDE_IN_FRAMEWORK_HEADER = YES;
				CLANG_WARN_RANGE_LOOP_ANALYSIS = YES;
				CLANG_WARN_STRICT_PROTOTYPES = YES;
				CLANG_WARN_SUSPICIOUS_MOVE = YES;
				CLANG_WARN_UNGUARDED_AVAILABILITY = YES_AGGRESSIVE;
				CLANG_WARN_UNREACHABLE_CODE = YES;
				CLANG_WARN__DUPLICATE_METHOD_MATCH = YES;
				COPY_PHASE_STRIP = NO;
				DEBUG_INFORMATION_FORMAT = dwarf;
				ENABLE_STRICT_OBJC_MSGSEND = YES;
				ENABLE_TESTABILITY = YES;
				ENABLE_USER_SCRIPT_SANDBOXING = YES;
				GCC_C_LANGUAGE_STANDARD = gnu17;
				GCC_DYNAMIC_NO_PIC = NO;
				GCC_NO_COMMON_BLOCKS = YES;
				GCC_OPTIMIZATION_LEVEL = 0;
				GCC_PREPROCESSOR_DEFINITIONS = (
					"DEBUG=1",
					"$(inherited)",
				);
				GCC_WARN_64_TO_32_BIT_CONVERSION = YES;
				GCC_WARN_ABOUT_RETURN_TYPE = YES_ERROR;
				GCC_WARN_UNDECLARED_SELECTOR = YES;
				GCC_WARN_UNINITIALIZED_AUTOS = YES_AGGRESSIVE;
				GCC_WARN_UNUSED_FUNCTION = YES;
				GCC_WARN_UNUSED_VARIABLE = YES;
				IPHONEOS_DEPLOYMENT_TARGET = 17.0;
				LOCALIZATION_PREFERS_STRING_CATALOGS = YES;
				MTL_ENABLE_DEBUG_INFO = INCLUDE_SOURCE;
				MTL_FAST_MATH = YES;
				ONLY_ACTIVE_ARCH = YES;
				SDKROOT = iphoneos;
				SWIFT_ACTIVE_COMPILATION_CONDITIONS = "DEBUG $(inherited)";
				SWIFT_OPTIMIZATION_LEVEL = "-Onone";
			};
			name = Debug;
		};
		E6F377CD2B1D793800F78E94 /* Release */ = {
			isa = XCBuildConfiguration;
			buildSettings = {
				ALWAYS_SEARCH_USER_PATHS = NO;
				ASSETCATALOG_COMPILER_GENERATE_SWIFT_ASSET_SYMBOL_EXTENSIONS = YES;
				CLANG_ANALYZER_NONNULL = YES;
				CLANG_ANALYZER_NUMBER_OBJECT_CONVERSION = YES_AGGRESSIVE;
				CLANG_CXX_LANGUAGE_STANDARD = "gnu++20";
				CLANG_ENABLE_MODULES = YES;
				CLANG_ENABLE_OBJC_ARC = YES;
				CLANG_ENABLE_OBJC_WEAK = YES;
				CLANG_WARN_BLOCK_CAPTURE_AUTORELEASING = YES;
				CLANG_WARN_BOOL_CONVERSION = YES;
				CLANG_WARN_COMMA = YES;
				CLANG_WARN_CONSTANT_CONVERSION = YES;
				CLANG_WARN_DEPRECATED_OBJC_IMPLEMENTATIONS = YES;
				CLANG_WARN_DIRECT_OBJC_ISA_USAGE = YES_ERROR;
				CLANG_WARN_DOCUMENTATION_COMMENTS = YES;
				CLANG_WARN_EMPTY_BODY = YES;
				CLANG_WARN_ENUM_CONVERSION = YES;
				CLANG_WARN_INFINITE_RECURSION = YES;
				CLANG_WARN_INT_CONVERSION = YES;
				CLANG_WARN_NON_LITERAL_NULL_CONVERSION = YES;
				CLANG_WARN_OBJC_IMPLICIT_RETAIN_SELF = YES;
				CLANG_WARN_OBJC_LITERAL_CONVERSION = YES;
				CLANG_WARN_OBJC_ROOT_CLASS = YES_ERROR;
				CLANG_WARN_QUOTED_INCLUDE_IN_FRAMEWORK_HEADER = YES;
				CLANG_WARN_RANGE_LOOP_ANALYSIS = YES;
				CLANG_WARN_STRICT_PROTOTYPES = YES;
				CLANG_WARN_SUSPICIOUS_MOVE = YES;
				CLANG_WARN_UNGUARDED_AVAILABILITY = YES_AGGRESSIVE;
				CLANG_WARN_UNREACHABLE_CODE = YES;
				CLANG_WARN__DUPLICATE_METHOD_MATCH = YES;
				COPY_PHASE_STRIP = NO;
				DEBUG_INFORMATION_FORMAT = "dwarf-with-dsym";
				ENABLE_NS_ASSERTIONS = NO;
				ENABLE_STRICT_OBJC_MSGSEND = YES;
				ENABLE_USER_SCRIPT_SANDBOXING = YES;
				GCC_C_LANGUAGE_STANDARD = gnu17;
				GCC_NO_COMMON_BLOCKS = YES;
				GCC_WARN_64_TO_32_BIT_CONVERSION = YES;
				GCC_WARN_ABOUT_RETURN_TYPE = YES_ERROR;
				GCC_WARN_UNDECLARED_SELECTOR = YES;
				GCC_WARN_UNINITIALIZED_AUTOS = YES_AGGRESSIVE;
				GCC_WARN_UNUSED_FUNCTION = YES;
				GCC_WARN_UNUSED_VARIABLE = YES;
				IPHONEOS_DEPLOYMENT_TARGET = 17.0;
				LOCALIZATION_PREFERS_STRING_CATALOGS = YES;
				MTL_ENABLE_DEBUG_INFO = NO;
				MTL_FAST_MATH = YES;
				SDKROOT = iphoneos;
				SWIFT_COMPILATION_MODE = wholemodule;
				VALIDATE_PRODUCT = YES;
			};
			name = Release;
		};
		E6F377CF2B1D793800F78E94 /* Debug */ = {
			isa = XCBuildConfiguration;
			baseConfigurationReference = BAC45D257B224448477FFB2F /* Pods-MyApp.debug.xcconfig */;
			buildSettings = {
				ASSETCATALOG_COMPILER_APPICON_NAME = AppIcon;
				ASSETCATALOG_COMPILER_GLOBAL_ACCENT_COLOR_NAME = AccentColor;
				CODE_SIGN_STYLE = Automatic;
				CURRENT_PROJECT_VERSION = 1;
				DEVELOPMENT_TEAM = A3JSRJ7PCQ;
				ENABLE_USER_SCRIPT_SANDBOXING = NO;
				GENERATE_INFOPLIST_FILE = YES;
				INFOPLIST_FILE = MyApp/App/Info.plist;
				INFOPLIST_KEY_UIApplicationSupportsIndirectInputEvents = YES;
				INFOPLIST_KEY_UILaunchStoryboardName = LaunchScreen;
				INFOPLIST_KEY_UISupportedInterfaceOrientations_iPad = "UIInterfaceOrientationPortrait UIInterfaceOrientationPortraitUpsideDown UIInterfaceOrientationLandscapeLeft UIInterfaceOrientationLandscapeRight";
				INFOPLIST_KEY_UISupportedInterfaceOrientations_iPhone = "UIInterfaceOrientationPortrait UIInterfaceOrientationLandscapeLeft UIInterfaceOrientationLandscapeRight";
				LD_RUNPATH_SEARCH_PATHS = (
					"$(inherited)",
					"@executable_path/Frameworks",
				);
				MARKETING_VERSION = 1.0;
				PRODUCT_BUNDLE_IDENTIFIER = com.iseiju.MyApp;
				PRODUCT_NAME = "$(TARGET_NAME)";
				SUPPORTED_PLATFORMS = "iphoneos iphonesimulator";
				SUPPORTS_MACCATALYST = NO;
				SWIFT_EMIT_LOC_STRINGS = YES;
				SWIFT_VERSION = 5.0;
				TARGETED_DEVICE_FAMILY = 1;
			};
			name = Debug;
		};
		E6F377D02B1D793800F78E94 /* Release */ = {
			isa = XCBuildConfiguration;
			baseConfigurationReference = 344F4D9DA94BCB8E01F337E1 /* Pods-MyApp.release.xcconfig */;
			buildSettings = {
				ASSETCATALOG_COMPILER_APPICON_NAME = AppIcon;
				ASSETCATALOG_COMPILER_GLOBAL_ACCENT_COLOR_NAME = AccentColor;
				CODE_SIGN_STYLE = Automatic;
				CURRENT_PROJECT_VERSION = 1;
				DEVELOPMENT_TEAM = A3JSRJ7PCQ;
				ENABLE_USER_SCRIPT_SANDBOXING = NO;
				GENERATE_INFOPLIST_FILE = YES;
				INFOPLIST_FILE = MyApp/App/Info.plist;
				INFOPLIST_KEY_UIApplicationSupportsIndirectInputEvents = YES;
				INFOPLIST_KEY_UILaunchStoryboardName = LaunchScreen;
				INFOPLIST_KEY_UISupportedInterfaceOrientations_iPad = "UIInterfaceOrientationPortrait UIInterfaceOrientationPortraitUpsideDown UIInterfaceOrientationLandscapeLeft UIInterfaceOrientationLandscapeRight";
				INFOPLIST_KEY_UISupportedInterfaceOrientations_iPhone = "UIInterfaceOrientationPortrait UIInterfaceOrientationLandscapeLeft UIInterfaceOrientationLandscapeRight";
				LD_RUNPATH_SEARCH_PATHS = (
					"$(inherited)",
					"@executable_path/Frameworks",
				);
				MARKETING_VERSION = 1.0;
				PRODUCT_BUNDLE_IDENTIFIER = com.iseiju.MyApp;
				PRODUCT_NAME = "$(TARGET_NAME)";
				SUPPORTED_PLATFORMS = "iphoneos iphonesimulator";
				SUPPORTS_MACCATALYST = NO;
				SWIFT_EMIT_LOC_STRINGS = YES;
				SWIFT_VERSION = 5.0;
				TARGETED_DEVICE_FAMILY = 1;
			};
			name = Release;
		};
		E6F377D22B1D793800F78E94 /* Debug */ = {
			isa = XCBuildConfiguration;
			baseConfigurationReference = 37BD073C4C8E5E236654FC12 /* Pods-MyAppTests.debug.xcconfig */;
			buildSettings = {
				ALWAYS_EMBED_SWIFT_STANDARD_LIBRARIES = YES;
				BUNDLE_LOADER = "$(TEST_HOST)";
				CODE_SIGN_STYLE = Automatic;
				CURRENT_PROJECT_VERSION = 1;
				DEVELOPMENT_TEAM = A3JSRJ7PCQ;
				GENERATE_INFOPLIST_FILE = YES;
				IPHONEOS_DEPLOYMENT_TARGET = 17.0;
				MARKETING_VERSION = 1.0;
				PRODUCT_BUNDLE_IDENTIFIER = com.iseiju.MyAppTests;
				PRODUCT_NAME = "$(TARGET_NAME)";
				SWIFT_EMIT_LOC_STRINGS = NO;
				SWIFT_VERSION = 5.0;
				TARGETED_DEVICE_FAMILY = "1,2";
				TEST_HOST = "$(BUILT_PRODUCTS_DIR)/MyApp.app/$(BUNDLE_EXECUTABLE_FOLDER_PATH)/MyApp";
			};
			name = Debug;
		};
		E6F377D32B1D793800F78E94 /* Release */ = {
			isa = XCBuildConfiguration;
			baseConfigurationReference = 7CB3278F3C7FBD2DD089D5CF /* Pods-MyAppTests.release.xcconfig */;
			buildSettings = {
				ALWAYS_EMBED_SWIFT_STANDARD_LIBRARIES = YES;
				BUNDLE_LOADER = "$(TEST_HOST)";
				CODE_SIGN_STYLE = Automatic;
				CURRENT_PROJECT_VERSION = 1;
				DEVELOPMENT_TEAM = A3JSRJ7PCQ;
				GENERATE_INFOPLIST_FILE = YES;
				IPHONEOS_DEPLOYMENT_TARGET = 17.0;
				MARKETING_VERSION = 1.0;
				PRODUCT_BUNDLE_IDENTIFIER = com.iseiju.MyAppTests;
				PRODUCT_NAME = "$(TARGET_NAME)";
				SWIFT_EMIT_LOC_STRINGS = NO;
				SWIFT_VERSION = 5.0;
				TARGETED_DEVICE_FAMILY = "1,2";
				TEST_HOST = "$(BUILT_PRODUCTS_DIR)/MyApp.app/$(BUNDLE_EXECUTABLE_FOLDER_PATH)/MyApp";
			};
			name = Release;
		};
		E6F377D52B1D793800F78E94 /* Debug */ = {
			isa = XCBuildConfiguration;
			baseConfigurationReference = 4D3F5C7A64CC8EF1BC7073B0 /* Pods-MyApp-MyAppUITests.debug.xcconfig */;
			buildSettings = {
				ALWAYS_EMBED_SWIFT_STANDARD_LIBRARIES = YES;
				CODE_SIGN_STYLE = Automatic;
				CURRENT_PROJECT_VERSION = 1;
				DEVELOPMENT_TEAM = A3JSRJ7PCQ;
				GENERATE_INFOPLIST_FILE = YES;
				MARKETING_VERSION = 1.0;
				PRODUCT_BUNDLE_IDENTIFIER = com.iseiju.MyAppUITests;
				PRODUCT_NAME = "$(TARGET_NAME)";
				SWIFT_EMIT_LOC_STRINGS = NO;
				SWIFT_VERSION = 5.0;
				TARGETED_DEVICE_FAMILY = "1,2";
				TEST_TARGET_NAME = MyApp;
			};
			name = Debug;
		};
		E6F377D62B1D793800F78E94 /* Release */ = {
			isa = XCBuildConfiguration;
			baseConfigurationReference = F7D48DC620A34260D8C8218E /* Pods-MyApp-MyAppUITests.release.xcconfig */;
			buildSettings = {
				ALWAYS_EMBED_SWIFT_STANDARD_LIBRARIES = YES;
				CODE_SIGN_STYLE = Automatic;
				CURRENT_PROJECT_VERSION = 1;
				DEVELOPMENT_TEAM = A3JSRJ7PCQ;
				GENERATE_INFOPLIST_FILE = YES;
				MARKETING_VERSION = 1.0;
				PRODUCT_BUNDLE_IDENTIFIER = com.iseiju.MyAppUITests;
				PRODUCT_NAME = "$(TARGET_NAME)";
				SWIFT_EMIT_LOC_STRINGS = NO;
				SWIFT_VERSION = 5.0;
				TARGETED_DEVICE_FAMILY = "1,2";
				TEST_TARGET_NAME = MyApp;
			};
			name = Release;
		};
/* End XCBuildConfiguration section */

/* Begin XCConfigurationList section */
		E6F3779F2B1D793700F78E94 /* Build configuration list for PBXProject "MyApp" */ = {
			isa = XCConfigurationList;
			buildConfigurations = (
				E6F377CC2B1D793800F78E94 /* Debug */,
				E6F377CD2B1D793800F78E94 /* Release */,
			);
			defaultConfigurationIsVisible = 0;
			defaultConfigurationName = Release;
		};
		E6F377CE2B1D793800F78E94 /* Build configuration list for PBXNativeTarget "MyApp" */ = {
			isa = XCConfigurationList;
			buildConfigurations = (
				E6F377CF2B1D793800F78E94 /* Debug */,
				E6F377D02B1D793800F78E94 /* Release */,
			);
			defaultConfigurationIsVisible = 0;
			defaultConfigurationName = Release;
		};
		E6F377D12B1D793800F78E94 /* Build configuration list for PBXNativeTarget "MyAppTests" */ = {
			isa = XCConfigurationList;
			buildConfigurations = (
				E6F377D22B1D793800F78E94 /* Debug */,
				E6F377D32B1D793800F78E94 /* Release */,
			);
			defaultConfigurationIsVisible = 0;
			defaultConfigurationName = Release;
		};
		E6F377D42B1D793800F78E94 /* Build configuration list for PBXNativeTarget "MyAppUITests" */ = {
			isa = XCConfigurationList;
			buildConfigurations = (
				E6F377D52B1D793800F78E94 /* Debug */,
				E6F377D62B1D793800F78E94 /* Release */,
			);
			defaultConfigurationIsVisible = 0;
			defaultConfigurationName = Release;
		};
/* End XCConfigurationList section */
	};
	rootObject = E6F3779C2B1D793700F78E94 /* Project object */;
}
